
Microsoft Visual Studio Solution File, Format Version 12.00
# Visual Studio 15
VisualStudioVersion = 15.0.28010.2036
MinimumVisualStudioVersion = 10.0.40219.1
Project("{D2ABAB84-BF74-430A-B69E-9DC6D40DDA17}") = "KostkaFinal", "KostkaFinal\KostkaFinal.dwproj", "{C4801848-93CA-4961-A483-C6966BACF246}"
EndProject
Global
	GlobalSection(SolutionConfigurationPlatforms) = preSolution
		Development|Default = Development|Default
	EndGlobalSection
	GlobalSection(ProjectConfigurationPlatforms) = postSolution
		{C4801848-93CA-4961-A483-C6966BACF246}.Development|Default.ActiveCfg = Development
		{C4801848-93CA-4961-A483-C6966BACF246}.Development|Default.Build.0 = Development
		{C4801848-93CA-4961-A483-C6966BACF246}.Development|Default.Deploy.0 = Development
	EndGlobalSection
	GlobalSection(SolutionProperties) = preSolution
		HideSolutionNode = FALSE
	EndGlobalSection
	GlobalSection(ExtensibilityGlobals) = postSolution
		SolutionGuid = {1D1A749A-E233-4CCB-9614-DA618B576B57}
	EndGlobalSection
EndGlobal
